{
  "name": "qiun-qq-ucharts",
  "version": "1.0.0",
  "lockfileVersion": 1,
  "requires": true,
  "dependencies": {
    "@qiun/qq-ucharts": {
      "version": "2.3.8-20220325",
      "resolved": "https://registry.npmjs.org/@qiun/qq-ucharts/-/qq-ucharts-2.3.8-20220325.tgz",
      "integrity": "sha512-zx9Tz1CoKZN7e8EaNiSapNULcM7h6mIHynmxifXeW/aIyv9zJD+nraAPaZxiush/auhDdfb9J4fLVVQyVgEc/w=="
    }
  }
}
