{
  "name": "uCharts跨平台图表库",
  "version": "1.0.0",
  "lockfileVersion": 1,
  "requires": true,
  "dependencies": {
    "@qiun/wx-ucharts": {
      "version": "2.3.8-20220325",
      "resolved": "https://registry.npmjs.org/@qiun/wx-ucharts/-/wx-ucharts-2.3.8-20220325.tgz",
      "integrity": "sha512-mryLSDmFawRDs/F+cHeEDp8sM1DQOh+lYlCdi93g727pkqgGyK3+113RF0s4U4Yx4pdsvSwHGdDbDEpyFy4C7A=="
    }
  }
}
