{
  "name": "qiun-my-ucharts",
  "version": "1.0.0",
  "lockfileVersion": 1,
  "requires": true,
  "dependencies": {
    "@qiun/my-ucharts": {
      "version": "2.3.8-20220325",
      "resolved": "https://registry.npmjs.org/@qiun/my-ucharts/-/my-ucharts-2.3.8-20220325.tgz",
      "integrity": "sha512-N+qpBn0/MVJ4WKk2/QFuZnPOsAOiVUpWLbo0j12vTALYgtmEKjLLaNM+HohAkp3jOjrMt1gIX8ULFDK0Vq4x9A==",
      "dev": true
    }
  }
}
